
Microsoft Visual Studio Solution File, Format Version 12.00
# Visual Studio 15
VisualStudioVersion = 15.0.27703.2026
MinimumVisualStudioVersion = 10.0.40219.1
Project("{FAE04EC0-301F-11D3-BF4B-00C04F79EFBC}") = "libquip", "libquip\libquip.csproj", "{565DA0FC-73CB-444B-B20C-697C2F0BAA46}"
EndProject
Project("{FAE04EC0-301F-11D3-BF4B-00C04F79EFBC}") = "quip", "quip\quip.csproj", "{107DDD24-531C-4C44-8570-46B986410083}"
EndProject
Project("{FAE04EC0-301F-11D3-BF4B-00C04F79EFBC}") = "quipps", "quipps\quipps.csproj", "{E4B299EF-438A-47E7-8E1D-5ED8A29A2DAA}"
EndProject
Global
	GlobalSection(SolutionConfigurationPlatforms) = preSolution
		Debug|Any CPU = Debug|Any CPU
		Release|Any CPU = Release|Any CPU
	EndGlobalSection
	GlobalSection(ProjectConfigurationPlatforms) = postSolution
		{565DA0FC-73CB-444B-B20C-697C2F0BAA46}.Debug|Any CPU.ActiveCfg = Debug|Any CPU
		{565DA0FC-73CB-444B-B20C-697C2F0BAA46}.Debug|Any CPU.Build.0 = Debug|Any CPU
		{565DA0FC-73CB-444B-B20C-697C2F0BAA46}.Release|Any CPU.ActiveCfg = Release|Any CPU
		{565DA0FC-73CB-444B-B20C-697C2F0BAA46}.Release|Any CPU.Build.0 = Release|Any CPU
		{107DDD24-531C-4C44-8570-46B986410083}.Debug|Any CPU.ActiveCfg = Debug|Any CPU
		{107DDD24-531C-4C44-8570-46B986410083}.Debug|Any CPU.Build.0 = Debug|Any CPU
		{107DDD24-531C-4C44-8570-46B986410083}.Release|Any CPU.ActiveCfg = Release|Any CPU
		{107DDD24-531C-4C44-8570-46B986410083}.Release|Any CPU.Build.0 = Release|Any CPU
		{E4B299EF-438A-47E7-8E1D-5ED8A29A2DAA}.Debug|Any CPU.ActiveCfg = Debug|Any CPU
		{E4B299EF-438A-47E7-8E1D-5ED8A29A2DAA}.Debug|Any CPU.Build.0 = Debug|Any CPU
		{E4B299EF-438A-47E7-8E1D-5ED8A29A2DAA}.Release|Any CPU.ActiveCfg = Release|Any CPU
		{E4B299EF-438A-47E7-8E1D-5ED8A29A2DAA}.Release|Any CPU.Build.0 = Release|Any CPU
	EndGlobalSection
	GlobalSection(SolutionProperties) = preSolution
		HideSolutionNode = FALSE
	EndGlobalSection
	GlobalSection(ExtensibilityGlobals) = postSolution
		SolutionGuid = {7A313D98-E687-48A9-B95F-263E458EF551}
	EndGlobalSection
EndGlobal
